{
  "name": "meteo-angular",
  "version": "1.0.0",
  "lockfileVersion": 1,
  "requires": true,
  "dependencies": {
    "angular": {
      "version": "1.8.2",
      "resolved": "https://registry.npmjs.org/angular/-/angular-1.8.2.tgz",
      "integrity": "sha512-IauMOej2xEe7/7Ennahkbb5qd/HFADiNuLSESz9Q27inmi32zB0lnAsFeLEWcox3Gd1F6YhNd1CP7/9IukJ0Gw=="
    },
    "angular-http-server": {
      "version": "1.10.0",
      "resolved": "https://registry.npmjs.org/angular-http-server/-/angular-http-server-1.10.0.tgz",
      "integrity": "sha512-GlEkTzduqV56+nkP/Ye68Nd386I1G15AlIUTZYKj2yMdQOYn5E0icw7oyHBSIEOwlhzjlqm9rSxo2oJqAa7JXA==",
      "requires": {
        "mime": "^1.3.6",
        "minimist": "^1.2.0",
        "opn": "^5.3.0",
        "pem": "^1.9.7"
      }
    },
    "angular-route": {
      "version": "1.8.2",
      "resolved": "https://registry.npmjs.org/angular-route/-/angular-route-1.8.2.tgz",
      "integrity": "sha512-49LJYxuaQ/ZDiu9dD2xo1LkazqObkGjw0a7dUF7UKCT8EELgBsMd6QrI6aEVGtI62ppkiFkxqmiV8fcwYdXpug=="
    },
    "charenc": {
      "version": "0.0.2",
      "resolved": "https://registry.npmjs.org/charenc/-/charenc-0.0.2.tgz",
      "integrity": "sha1-wKHS86cJLgN3S/qD8UwPxXkKhmc="
    },
    "crypt": {
      "version": "0.0.2",
      "resolved": "https://registry.npmjs.org/crypt/-/crypt-0.0.2.tgz",
      "integrity": "sha1-iNf/fsDfuG9xPch7u0LQRNPmxBs="
    },
    "es6-promisify": {
      "version": "6.1.1",
      "resolved": "https://registry.npmjs.org/es6-promisify/-/es6-promisify-6.1.1.tgz",
      "integrity": "sha512-HBL8I3mIki5C1Cc9QjKUenHtnG0A5/xA8Q/AllRcfiwl2CZFXGK7ddBiCoRwAix4i2KxcQfjtIVcrVbB3vbmwg=="
    },
    "is-buffer": {
      "version": "1.1.6",
      "resolved": "https://registry.npmjs.org/is-buffer/-/is-buffer-1.1.6.tgz",
      "integrity": "sha512-NcdALwpXkTm5Zvvbk7owOUSvVvBKDgKP5/ewfXEznmQFfs4ZRmanOeKBTjRVjka3QFoN6XJ+9F3USqfHqTaU5w=="
    },
    "is-wsl": {
      "version": "1.1.0",
      "resolved": "https://registry.npmjs.org/is-wsl/-/is-wsl-1.1.0.tgz",
      "integrity": "sha1-HxbkqiKwTRM2tmGIpmrzxgDDpm0="
    },
    "isexe": {
      "version": "2.0.0",
      "resolved": "https://registry.npmjs.org/isexe/-/isexe-2.0.0.tgz",
      "integrity": "sha1-6PvzdNxVb/iUehDcsFctYz8s+hA="
    },
    "materialize-css": {
      "version": "1.0.0",
      "resolved": "https://registry.npmjs.org/materialize-css/-/materialize-css-1.0.0.tgz",
      "integrity": "sha512-4/oecXl8y/1i8RDZvyvwAICyqwNoKU4or5uf8uoAd74k76KzZ0Llym4zhJ5lLNUskcqjO0AuMcvNyDkpz8Z6zw=="
    },
    "md5": {
      "version": "2.3.0",
      "resolved": "https://registry.npmjs.org/md5/-/md5-2.3.0.tgz",
      "integrity": "sha512-T1GITYmFaKuO91vxyoQMFETst+O71VUPEU3ze5GNzDm0OWdP8v1ziTaAEPUr/3kLsY3Sftgz242A1SetQiDL7g==",
      "requires": {
        "charenc": "0.0.2",
        "crypt": "0.0.2",
        "is-buffer": "~1.1.6"
      }
    },
    "mime": {
      "version": "1.6.0",
      "resolved": "https://registry.npmjs.org/mime/-/mime-1.6.0.tgz",
      "integrity": "sha512-x0Vn8spI+wuJ1O6S7gnbaQg8Pxh4NNHb7KSINmEWKiPE4RKOplvijn+NkmYmmRgP68mc70j2EbeTFRsrswaQeg=="
    },
    "minimist": {
      "version": "1.2.5",
      "resolved": "https://registry.npmjs.org/minimist/-/minimist-1.2.5.tgz",
      "integrity": "sha512-FM9nNUYrRBAELZQT3xeZQ7fmMOBg6nWNmJKTcgsJeaLstP/UODVpGsr5OhXhhXg6f+qtJ8uiZ+PUxkDWcgIXLw=="
    },
    "opn": {
      "version": "5.5.0",
      "resolved": "https://registry.npmjs.org/opn/-/opn-5.5.0.tgz",
      "integrity": "sha512-PqHpggC9bLV0VeWcdKhkpxY+3JTzetLSqTCWL/z/tFIbI6G8JCjondXklT1JinczLz2Xib62sSp0T/gKT4KksA==",
      "requires": {
        "is-wsl": "^1.1.0"
      }
    },
    "os-tmpdir": {
      "version": "1.0.2",
      "resolved": "https://registry.npmjs.org/os-tmpdir/-/os-tmpdir-1.0.2.tgz",
      "integrity": "sha1-u+Z0BseaqFxc/sdm/lc0VV36EnQ="
    },
    "pem": {
      "version": "1.14.6",
      "resolved": "https://registry.npmjs.org/pem/-/pem-1.14.6.tgz",
      "integrity": "sha512-I5GKUer2PPv5qzUfxaZ6IGRkhp+357Kyv2t1JJg9vP8hGGI13qU34N2QupmggbpIZGPuudH0jn8KU5hjFpPk3g==",
      "requires": {
        "es6-promisify": "^6.0.0",
        "md5": "^2.2.1",
        "os-tmpdir": "^1.0.1",
        "which": "^2.0.2"
      }
    },
    "which": {
      "version": "2.0.2",
      "resolved": "https://registry.npmjs.org/which/-/which-2.0.2.tgz",
      "integrity": "sha512-BLI3Tl1TW3Pvl70l3yq3Y64i+awpwXqsGBYWkkqMtnbXgrMD+yj7rhW0kuEDxzJaYXGjEW5ogapKNMEKNMjibA==",
      "requires": {
        "isexe": "^2.0.0"
      }
    }
  }
}
